
Microsoft Visual Studio Solution File, Format Version 11.00
# Visual Studio 2010
Project("{FAE04EC0-301F-11D3-BF4B-00C04F79EFBC}") = "SocialBicing", "SocialBicing.csproj", "{8F82D39C-E4C8-4FE2-A2DE-DC7B9F00C30B}"
EndProject
Global
	GlobalSection(SubversionScc) = preSolution
		Svn-Managed = True
		Manager = AnkhSVN - Subversion Support for Visual Studio
	EndGlobalSection
	GlobalSection(SolutionConfigurationPlatforms) = preSolution
		Debug|Any CPU = Debug|Any CPU
		Release|Any CPU = Release|Any CPU
	EndGlobalSection
	GlobalSection(ProjectConfigurationPlatforms) = postSolution
		{8F82D39C-E4C8-4FE2-A2DE-DC7B9F00C30B}.Debug|Any CPU.ActiveCfg = Debug|Any CPU
		{8F82D39C-E4C8-4FE2-A2DE-DC7B9F00C30B}.Debug|Any CPU.Build.0 = Debug|Any CPU
		{8F82D39C-E4C8-4FE2-A2DE-DC7B9F00C30B}.Release|Any CPU.ActiveCfg = Release|Any CPU
		{8F82D39C-E4C8-4FE2-A2DE-DC7B9F00C30B}.Release|Any CPU.Build.0 = Release|Any CPU
	EndGlobalSection
	GlobalSection(SolutionProperties) = preSolution
		HideSolutionNode = FALSE
	EndGlobalSection
EndGlobal
